{
  "nodes": {
    "flake-utils": {
      "locked": {
        "lastModified": 1652776076,
        "narHash": "sha256-gzTw/v1vj4dOVbpBSJX4J0DwUR6LIyXo7/SuuTJp1kM=",
        "owner": "numtide",
        "repo": "flake-utils",
        "rev": "04c1b180862888302ddfb2e3ad9eaa63afc60cf8",
        "type": "github"
      },
      "original": {
        "owner": "numtide",
        "ref": "v1.0.0",
        "repo": "flake-utils",
        "type": "github"
      }
    },
    "nixos": {
      "locked": {
        "lastModified": 1698160471,
        "narHash": "sha256-lH7ZEItqQOWi21St9JyE6t3yyFNYGoQqSEcS90WMnBY=",
        "owner": "NixOS",
        "repo": "nixpkgs",
        "rev": "04f431fe64a5ba8ff129cbbbfec489cfe903982c",
        "type": "github"
      },
      "original": {
        "owner": "NixOS",
        "ref": "nixos-23.05",
        "repo": "nixpkgs",
        "type": "github"
      }
    },
    "pythoneda-shared-artifact-events": {
      "inputs": {
        "flake-utils": [
          "flake-utils"
        ],
        "nixos": [
          "nixos"
        ],
        "pythoneda-shared-pythoneda-banner": [
          "pythoneda-shared-pythoneda-banner"
        ],
        "pythoneda-shared-pythoneda-domain": [
          "pythoneda-shared-pythoneda-domain"
        ]
      },
      "locked": {
        "dir": "events",
        "lastModified": 1699815255,
        "narHash": "sha256-mx2GVUKy0LG7akfBLc0wPnHlyYuD1qPGmBgwaN2+lbI=",
        "owner": "pythoneda-shared-artifact",
        "repo": "events-artifact",
        "rev": "84f519089ec6b93a05e0fe689a5a52fede18e7a2",
        "type": "github"
      },
      "original": {
        "dir": "events",
        "owner": "pythoneda-shared-artifact",
        "ref": "0.0.7",
        "repo": "events-artifact",
        "type": "github"
      }
    },
    "pythoneda-shared-git-shared": {
      "inputs": {
        "flake-utils": [
          "flake-utils"
        ],
        "nixos": [
          "nixos"
        ],
        "pythoneda-shared-pythoneda-banner": [
          "pythoneda-shared-pythoneda-banner"
        ],
        "pythoneda-shared-pythoneda-domain": [
          "pythoneda-shared-pythoneda-domain"
        ]
      },
      "locked": {
        "dir": "shared",
        "lastModified": 1698154770,
        "narHash": "sha256-qOK1dz5UAcHyy+W+HEtO5aivx3ZOGZziV0Tgo+41+cI=",
        "owner": "pythoneda-shared-git",
        "repo": "shared-artifact",
        "rev": "f4696b62702342725b4d97205763432e9c844525",
        "type": "github"
      },
      "original": {
        "dir": "shared",
        "owner": "pythoneda-shared-git",
        "ref": "0.0.4",
        "repo": "shared-artifact",
        "type": "github"
      }
    },
    "pythoneda-shared-git-shared_2": {
      "inputs": {
        "flake-utils": [
          "pythoneda-shared-nix-flake-shared",
          "flake-utils"
        ],
        "nixos": [
          "pythoneda-shared-nix-flake-shared",
          "nixos"
        ],
        "pythoneda-shared-pythoneda-banner": [
          "pythoneda-shared-nix-flake-shared",
          "pythoneda-shared-pythoneda-banner"
        ],
        "pythoneda-shared-pythoneda-domain": [
          "pythoneda-shared-nix-flake-shared",
          "pythoneda-shared-pythoneda-domain"
        ]
      },
      "locked": {
        "dir": "shared",
        "lastModified": 1698154770,
        "narHash": "sha256-qOK1dz5UAcHyy+W+HEtO5aivx3ZOGZziV0Tgo+41+cI=",
        "owner": "pythoneda-shared-git",
        "repo": "shared-artifact",
        "rev": "f4696b62702342725b4d97205763432e9c844525",
        "type": "github"
      },
      "original": {
        "dir": "shared",
        "owner": "pythoneda-shared-git",
        "ref": "0.0.4",
        "repo": "shared-artifact",
        "type": "github"
      }
    },
    "pythoneda-shared-nix-flake-shared": {
      "inputs": {
        "flake-utils": [
          "flake-utils"
        ],
        "nixos": [
          "nixos"
        ],
        "pythoneda-shared-git-shared": "pythoneda-shared-git-shared_2",
        "pythoneda-shared-pythoneda-banner": [
          "pythoneda-shared-pythoneda-banner"
        ],
        "pythoneda-shared-pythoneda-domain": [
          "pythoneda-shared-pythoneda-domain"
        ],
        "stringtemplate3": "stringtemplate3"
      },
      "locked": {
        "dir": "shared",
        "lastModified": 1699888360,
        "narHash": "sha256-KGylCi5YdU3EAUVemaNTO3aThvVCxsqlDY4l5xiRodE=",
        "owner": "pythoneda-shared-nix-flake",
        "repo": "shared-artifact",
        "rev": "a8e48eb9e04ca2d8a5466b3fb682f712799d5175",
        "type": "github"
      },
      "original": {
        "dir": "shared",
        "owner": "pythoneda-shared-nix-flake",
        "ref": "0.0.6",
        "repo": "shared-artifact",
        "type": "github"
      }
    },
    "pythoneda-shared-pythoneda-banner": {
      "inputs": {
        "flake-utils": [
          "flake-utils"
        ],
        "nixos": [
          "nixos"
        ]
      },
      "locked": {
        "lastModified": 1699887378,
        "narHash": "sha256-/nuQLhfvz7q/1oJw5kyTV8pjpbrva3rjkXv4c9uWJDM=",
        "owner": "pythoneda-shared-pythoneda",
        "repo": "banner",
        "rev": "db254a4c04e92b6ed9ac50b511baf9974cd4b588",
        "type": "github"
      },
      "original": {
        "owner": "pythoneda-shared-pythoneda",
        "ref": "0.0.14",
        "repo": "banner",
        "type": "github"
      }
    },
    "pythoneda-shared-pythoneda-domain": {
      "inputs": {
        "flake-utils": [
          "flake-utils"
        ],
        "nixos": [
          "nixos"
        ],
        "pythoneda-shared-pythoneda-banner": [
          "pythoneda-shared-pythoneda-banner"
        ]
      },
      "locked": {
        "dir": "domain",
        "lastModified": 1699554960,
        "narHash": "sha256-66lxvOQYvP9ACBj5YgbKbLPmHSB/OWC0lNCKTK9K+YM=",
        "owner": "pythoneda-shared-pythoneda",
        "repo": "domain-artifact",
        "rev": "3cc0b2c02ed347b012410cb7c7a86f85eae98037",
        "type": "github"
      },
      "original": {
        "dir": "domain",
        "owner": "pythoneda-shared-pythoneda",
        "ref": "0.0.14",
        "repo": "domain-artifact",
        "type": "github"
      }
    },
    "root": {
      "inputs": {
        "flake-utils": "flake-utils",
        "nixos": "nixos",
        "pythoneda-shared-artifact-events": "pythoneda-shared-artifact-events",
        "pythoneda-shared-git-shared": "pythoneda-shared-git-shared",
        "pythoneda-shared-nix-flake-shared": "pythoneda-shared-nix-flake-shared",
        "pythoneda-shared-pythoneda-banner": "pythoneda-shared-pythoneda-banner",
        "pythoneda-shared-pythoneda-domain": "pythoneda-shared-pythoneda-domain"
      }
    },
    "stringtemplate3": {
      "inputs": {
        "flake-utils": [
          "pythoneda-shared-nix-flake-shared",
          "flake-utils"
        ],
        "nixos": [
          "pythoneda-shared-nix-flake-shared",
          "nixos"
        ]
      },
      "locked": {
        "dir": "stringtemplate3",
        "lastModified": 1695028695,
        "narHash": "sha256-nEyAQq8IJ8Cn8Rnf0jOqfhQ9ya6qtbmf5vuhsDN+KKw=",
        "owner": "rydnr",
        "repo": "nix-flakes",
        "rev": "81e0f7168b7d949c1e1f85897645cba7be7f325c",
        "type": "github"
      },
      "original": {
        "dir": "stringtemplate3",
        "owner": "rydnr",
        "ref": "stringtemplate3-3.1",
        "repo": "nix-flakes",
        "type": "github"
      }
    }
  },
  "root": "root",
  "version": 7
}
